
Microsoft Visual Studio Solution File, Format Version 12.00
# Visual Studio Version 17
VisualStudioVersion = 17.14.36414.22
MinimumVisualStudioVersion = 10.0.40219.1
Project("{FAE04EC0-301F-11D3-BF4B-00C04F79EFBC}") = "NavigationDemo1", "NavigationDemo1\NavigationDemo1.csproj", "{B8CAFCB1-7B06-46BF-9530-DAB200FADC4E}"
EndProject
Project("{FAE04EC0-301F-11D3-BF4B-00C04F79EFBC}") = "RegeionNavigationDemo1", "RegeionNavigationDemo1\RegeionNavigationDemo1.csproj", "{D3D7B87B-6508-41FA-8F79-5A61B7B83803}"
EndProject
Project("{FAE04EC0-301F-11D3-BF4B-00C04F79EFBC}") = "ServerPipe", "ServerPipe\ServerPipe.csproj", "{A193A113-AF59-4937-B394-907A478FC074}"
EndProject
Project("{FAE04EC0-301F-11D3-BF4B-00C04F79EFBC}") = "Common.Core", "WpfLibrary1\Common.Core.csproj", "{075EFD0A-39C1-469F-A5BA-30A5275AF706}"
EndProject
Global
	GlobalSection(SolutionConfigurationPlatforms) = preSolution
		Debug|Any CPU = Debug|Any CPU
		Release|Any CPU = Release|Any CPU
	EndGlobalSection
	GlobalSection(ProjectConfigurationPlatforms) = postSolution
		{B8CAFCB1-7B06-46BF-9530-DAB200FADC4E}.Debug|Any CPU.ActiveCfg = Debug|Any CPU
		{B8CAFCB1-7B06-46BF-9530-DAB200FADC4E}.Debug|Any CPU.Build.0 = Debug|Any CPU
		{B8CAFCB1-7B06-46BF-9530-DAB200FADC4E}.Release|Any CPU.ActiveCfg = Release|Any CPU
		{B8CAFCB1-7B06-46BF-9530-DAB200FADC4E}.Release|Any CPU.Build.0 = Release|Any CPU
		{D3D7B87B-6508-41FA-8F79-5A61B7B83803}.Debug|Any CPU.ActiveCfg = Debug|Any CPU
		{D3D7B87B-6508-41FA-8F79-5A61B7B83803}.Debug|Any CPU.Build.0 = Debug|Any CPU
		{D3D7B87B-6508-41FA-8F79-5A61B7B83803}.Release|Any CPU.ActiveCfg = Release|Any CPU
		{D3D7B87B-6508-41FA-8F79-5A61B7B83803}.Release|Any CPU.Build.0 = Release|Any CPU
		{A193A113-AF59-4937-B394-907A478FC074}.Debug|Any CPU.ActiveCfg = Debug|Any CPU
		{A193A113-AF59-4937-B394-907A478FC074}.Debug|Any CPU.Build.0 = Debug|Any CPU
		{A193A113-AF59-4937-B394-907A478FC074}.Release|Any CPU.ActiveCfg = Release|Any CPU
		{A193A113-AF59-4937-B394-907A478FC074}.Release|Any CPU.Build.0 = Release|Any CPU
		{075EFD0A-39C1-469F-A5BA-30A5275AF706}.Debug|Any CPU.ActiveCfg = Debug|Any CPU
		{075EFD0A-39C1-469F-A5BA-30A5275AF706}.Debug|Any CPU.Build.0 = Debug|Any CPU
		{075EFD0A-39C1-469F-A5BA-30A5275AF706}.Release|Any CPU.ActiveCfg = Release|Any CPU
		{075EFD0A-39C1-469F-A5BA-30A5275AF706}.Release|Any CPU.Build.0 = Release|Any CPU
	EndGlobalSection
	GlobalSection(SolutionProperties) = preSolution
		HideSolutionNode = FALSE
	EndGlobalSection
	GlobalSection(ExtensibilityGlobals) = postSolution
		SolutionGuid = {D0768F96-5525-4616-A450-E089FCA8F799}
	EndGlobalSection
EndGlobal
