
Microsoft Visual Studio Solution File, Format Version 12.00
# Visual Studio Version 17
VisualStudioVersion = 17.14.36408.4 d17.14
MinimumVisualStudioVersion = 10.0.40219.1
Project("{FAE04EC0-301F-11D3-BF4B-00C04F79EFBC}") = "ConfigDemo", "ConfigDemo\ConfigDemo.csproj", "{23B7ECBD-526E-4E8D-AE03-FBAD51FEC1EA}"
EndProject
Project("{FAE04EC0-301F-11D3-BF4B-00C04F79EFBC}") = "ConfigDemoFramework", "ConfigDemoFramework\ConfigDemoFramework.csproj", "{1EC96295-E681-41AB-A691-53A347CAF25E}"
EndProject
Project("{FAE04EC0-301F-11D3-BF4B-00C04F79EFBC}") = "ConsoleApp1", "ConsoleApp1\ConsoleApp1.csproj", "{A8E8D0B7-3604-48B2-8264-AED4DBF04CEE}"
EndProject
Project("{FAE04EC0-301F-11D3-BF4B-00C04F79EFBC}") = "ConsoleApp2", "ConsoleApp2\ConsoleApp2.csproj", "{F1190BF9-B7CB-4455-9959-9AE4E1A0BA05}"
EndProject
Global
	GlobalSection(SolutionConfigurationPlatforms) = preSolution
		Debug|Any CPU = Debug|Any CPU
		Release|Any CPU = Release|Any CPU
	EndGlobalSection
	GlobalSection(ProjectConfigurationPlatforms) = postSolution
		{23B7ECBD-526E-4E8D-AE03-FBAD51FEC1EA}.Debug|Any CPU.ActiveCfg = Debug|Any CPU
		{23B7ECBD-526E-4E8D-AE03-FBAD51FEC1EA}.Debug|Any CPU.Build.0 = Debug|Any CPU
		{23B7ECBD-526E-4E8D-AE03-FBAD51FEC1EA}.Release|Any CPU.ActiveCfg = Release|Any CPU
		{23B7ECBD-526E-4E8D-AE03-FBAD51FEC1EA}.Release|Any CPU.Build.0 = Release|Any CPU
		{1EC96295-E681-41AB-A691-53A347CAF25E}.Debug|Any CPU.ActiveCfg = Debug|Any CPU
		{1EC96295-E681-41AB-A691-53A347CAF25E}.Debug|Any CPU.Build.0 = Debug|Any CPU
		{1EC96295-E681-41AB-A691-53A347CAF25E}.Release|Any CPU.ActiveCfg = Release|Any CPU
		{1EC96295-E681-41AB-A691-53A347CAF25E}.Release|Any CPU.Build.0 = Release|Any CPU
		{A8E8D0B7-3604-48B2-8264-AED4DBF04CEE}.Debug|Any CPU.ActiveCfg = Debug|Any CPU
		{A8E8D0B7-3604-48B2-8264-AED4DBF04CEE}.Debug|Any CPU.Build.0 = Debug|Any CPU
		{A8E8D0B7-3604-48B2-8264-AED4DBF04CEE}.Release|Any CPU.ActiveCfg = Release|Any CPU
		{A8E8D0B7-3604-48B2-8264-AED4DBF04CEE}.Release|Any CPU.Build.0 = Release|Any CPU
		{F1190BF9-B7CB-4455-9959-9AE4E1A0BA05}.Debug|Any CPU.ActiveCfg = Debug|Any CPU
		{F1190BF9-B7CB-4455-9959-9AE4E1A0BA05}.Debug|Any CPU.Build.0 = Debug|Any CPU
		{F1190BF9-B7CB-4455-9959-9AE4E1A0BA05}.Release|Any CPU.ActiveCfg = Release|Any CPU
		{F1190BF9-B7CB-4455-9959-9AE4E1A0BA05}.Release|Any CPU.Build.0 = Release|Any CPU
	EndGlobalSection
	GlobalSection(SolutionProperties) = preSolution
		HideSolutionNode = FALSE
	EndGlobalSection
	GlobalSection(ExtensibilityGlobals) = postSolution
		SolutionGuid = {A4953EDA-5DB8-4ADB-A35D-3CC412C3EC4C}
	EndGlobalSection
EndGlobal
